{
    "_readme": [
        "This file locks the dependencies of your project to a known state",
        "Read more about it at http://getcomposer.org/doc/01-basic-usage.md#composer-lock-the-lock-file",
        "This file is @generated automatically"
    ],
    "hash": "6e1abaa2c643d75b37826b0d0f7c0fcf",
    "packages": [
        {
            "name": "kdyby/curl",
            "version": "v2.2.0",
            "source": {
                "type": "git",
                "url": "https://github.com/Kdyby/Curl.git",
                "reference": "ef36fcca46bc7617ffe89c55a85c9acbc02c25ec"
            },
            "dist": {
                "type": "zip",
                "url": "https://api.github.com/repos/Kdyby/Curl/zipball/ef36fcca46bc7617ffe89c55a85c9acbc02c25ec",
                "reference": "ef36fcca46bc7617ffe89c55a85c9acbc02c25ec",
                "shasum": ""
            },
            "require": {
                "ext-curl": "*",
                "nette/http": "~2.2@dev",
                "nette/utils": "~2.2@dev"
            },
            "require-dev": {
                "jakub-onderka/php-parallel-lint": "~0.6",
                "latte/latte": "~2.2@dev",
                "nette/application": "~2.2@dev",
                "nette/bootstrap": "~2.2@dev",
                "nette/caching": "~2.2@dev",
                "nette/component-model": "~2.2@dev",
                "nette/database": "~2.2@dev",
                "nette/di": "~2.2@dev",
                "nette/finder": "~2.2@dev",
                "nette/forms": "~2.2@dev",
                "nette/mail": "~2.2@dev",
                "nette/neon": "~2.2@dev",
                "nette/nette": "~2.2@dev",
                "nette/php-generator": "~2.2@dev",
                "nette/reflection": "~2.2@dev",
                "nette/robot-loader": "~2.2@dev",
                "nette/safe-stream": "~2.2@dev",
                "nette/security": "~2.2@dev",
                "nette/tester": "@dev",
                "nette/tokenizer": "~2.2@dev",
                "tracy/tracy": "~2.2@dev"
            },
            "type": "library",
            "extra": {
                "branch-alias": {
                    "dev-master": "2.2-dev"
                }
            },
            "autoload": {
                "psr-0": {
                    "Kdyby\\Curl": "src/"
                },
                "classmap": [
                    "src/Kdyby/Curl/exceptions.php"
                ]
            },
            "notification-url": "https://packagist.org/downloads/",
            "license": [
                "BSD-3-Clause",
                "GPL-2.0",
                "GPL-3.0"
            ],
            "authors": [
                {
                    "name": "Filip Procházka",
                    "email": "filip@prochazka.su",
                    "homepage": "http://filip-prochazka.com"
                }
            ],
            "description": "Curl wrapper for Nette Framework",
            "homepage": "http://kdyby.org",
            "keywords": [
                "curl",
                "http",
                "nette"
            ],
            "time": "2014-07-26 16:52:43"
        },
        {
            "name": "mockery/mockery",
            "version": "0.9.3",
            "source": {
                "type": "git",
                "url": "https://github.com/padraic/mockery.git",
                "reference": "686f85fa5b3b079cc0157d7cd3e9adb97f0b41e1"
            },
            "dist": {
                "type": "zip",
                "url": "https://api.github.com/repos/padraic/mockery/zipball/686f85fa5b3b079cc0157d7cd3e9adb97f0b41e1",
                "reference": "686f85fa5b3b079cc0157d7cd3e9adb97f0b41e1",
                "shasum": ""
            },
            "require": {
                "lib-pcre": ">=7.0",
                "php": ">=5.3.2"
            },
            "require-dev": {
                "hamcrest/hamcrest-php": "~1.1",
                "phpunit/phpunit": "~4.0",
                "satooshi/php-coveralls": "~0.7@dev"
            },
            "type": "library",
            "extra": {
                "branch-alias": {
                    "dev-master": "0.9.x-dev"
                }
            },
            "autoload": {
                "psr-0": {
                    "Mockery": "library/"
                }
            },
            "notification-url": "https://packagist.org/downloads/",
            "license": [
                "BSD-3-Clause"
            ],
            "authors": [
                {
                    "name": "Pádraic Brady",
                    "email": "padraic.brady@gmail.com",
                    "homepage": "http://blog.astrumfutura.com"
                },
                {
                    "name": "Dave Marshall",
                    "email": "dave.marshall@atstsolutions.co.uk",
                    "homepage": "http://davedevelopment.co.uk"
                }
            ],
            "description": "Mockery is a simple yet flexible PHP mock object framework for use in unit testing with PHPUnit, PHPSpec or any other testing framework. Its core goal is to offer a test double framework with a succint API capable of clearly defining all possible object operations and interactions using a human readable Domain Specific Language (DSL). Designed as a drop in alternative to PHPUnit's phpunit-mock-objects library, Mockery is easy to integrate with PHPUnit and can operate alongside phpunit-mock-objects without the World ending.",
            "homepage": "http://github.com/padraic/mockery",
            "keywords": [
                "BDD",
                "TDD",
                "library",
                "mock",
                "mock objects",
                "mockery",
                "stub",
                "test",
                "test double",
                "testing"
            ],
            "time": "2014-12-22 10:06:19"
        },
        {
            "name": "nette/http",
            "version": "v2.3.0",
            "source": {
                "type": "git",
                "url": "https://github.com/nette/http.git",
                "reference": "355aa597359084f1978f4eaaef94dbe33d2e8dff"
            },
            "dist": {
                "type": "zip",
                "url": "https://api.github.com/repos/nette/http/zipball/355aa597359084f1978f4eaaef94dbe33d2e8dff",
                "reference": "355aa597359084f1978f4eaaef94dbe33d2e8dff",
                "shasum": ""
            },
            "require": {
                "nette/utils": "~2.2, >=2.2.2",
                "php": ">=5.3.1"
            },
            "conflict": {
                "nette/nette": "<2.2"
            },
            "require-dev": {
                "nette/di": "~2.3",
                "nette/tester": "~1.0"
            },
            "suggest": {
                "ext-fileinfo": "to detect type of uploaded files"
            },
            "type": "library",
            "extra": {
                "branch-alias": {
                    "dev-master": "2.3-dev"
                }
            },
            "autoload": {
                "classmap": [
                    "src/"
                ]
            },
            "notification-url": "https://packagist.org/downloads/",
            "license": [
                "BSD-3-Clause",
                "GPL-2.0",
                "GPL-3.0"
            ],
            "authors": [
                {
                    "name": "David Grudl",
                    "homepage": "http://davidgrudl.com"
                },
                {
                    "name": "Nette Community",
                    "homepage": "http://nette.org/contributors"
                }
            ],
            "description": "Nette HTTP Component",
            "homepage": "http://nette.org",
            "time": "2015-02-25 00:17:52"
        },
        {
            "name": "nette/tester",
            "version": "v1.3.2",
            "source": {
                "type": "git",
                "url": "https://github.com/nette/tester.git",
                "reference": "2ce1cd9a6d7012ba059efa08613d5cd6e50c6560"
            },
            "dist": {
                "type": "zip",
                "url": "https://api.github.com/repos/nette/tester/zipball/2ce1cd9a6d7012ba059efa08613d5cd6e50c6560",
                "reference": "2ce1cd9a6d7012ba059efa08613d5cd6e50c6560",
                "shasum": ""
            },
            "require": {
                "php": ">=5.3.0"
            },
            "bin": [
                "Tester/tester"
            ],
            "type": "library",
            "extra": {
                "branch-alias": {
                    "dev-master": "1.3-dev"
                }
            },
            "autoload": {
                "classmap": [
                    "Tester/"
                ]
            },
            "notification-url": "https://packagist.org/downloads/",
            "license": [
                "BSD-3-Clause",
                "GPL-2.0",
                "GPL-3.0"
            ],
            "authors": [
                {
                    "name": "David Grudl",
                    "homepage": "http://davidgrudl.com"
                },
                {
                    "name": "Nette Community",
                    "homepage": "http://nette.org/contributors"
                }
            ],
            "description": "An easy-to-use PHP unit testing framework.",
            "homepage": "http://nette.org",
            "keywords": [
                "nette",
                "testing",
                "unit"
            ],
            "time": "2015-02-08 04:13:28"
        },
        {
            "name": "nette/utils",
            "version": "v2.3.0",
            "source": {
                "type": "git",
                "url": "https://github.com/nette/utils.git",
                "reference": "29bfb4424689014e0749e14eef8de18c4b0fd020"
            },
            "dist": {
                "type": "zip",
                "url": "https://api.github.com/repos/nette/utils/zipball/29bfb4424689014e0749e14eef8de18c4b0fd020",
                "reference": "29bfb4424689014e0749e14eef8de18c4b0fd020",
                "shasum": ""
            },
            "require": {
                "php": ">=5.3.1"
            },
            "conflict": {
                "nette/nette": "<2.2"
            },
            "require-dev": {
                "nette/tester": "~1.0"
            },
            "suggest": {
                "ext-gd": "to use Image",
                "ext-iconv": "to use Strings::webalize() and toAscii()",
                "ext-intl": "for script transliteration in Strings::webalize() and toAscii()",
                "ext-mbstring": "to use Strings::lower() etc..."
            },
            "type": "library",
            "extra": {
                "branch-alias": {
                    "dev-master": "2.3-dev"
                }
            },
            "autoload": {
                "classmap": [
                    "src/"
                ]
            },
            "notification-url": "https://packagist.org/downloads/",
            "license": [
                "BSD-3-Clause",
                "GPL-2.0",
                "GPL-3.0"
            ],
            "authors": [
                {
                    "name": "David Grudl",
                    "homepage": "http://davidgrudl.com"
                },
                {
                    "name": "Nette Community",
                    "homepage": "http://nette.org/contributors"
                }
            ],
            "description": "Nette Utility Classes",
            "homepage": "http://nette.org",
            "time": "2015-02-24 21:21:17"
        },
        {
            "name": "tracy/tracy",
            "version": "v2.3.0",
            "source": {
                "type": "git",
                "url": "https://github.com/nette/tracy.git",
                "reference": "0203000762fcadb4b00bcda5d5a2cf84348f3272"
            },
            "dist": {
                "type": "zip",
                "url": "https://api.github.com/repos/nette/tracy/zipball/0203000762fcadb4b00bcda5d5a2cf84348f3272",
                "reference": "0203000762fcadb4b00bcda5d5a2cf84348f3272",
                "shasum": ""
            },
            "require": {
                "php": ">=5.3.1"
            },
            "require-dev": {
                "nette/di": "~2.3",
                "nette/tester": "~1.3"
            },
            "type": "library",
            "extra": {
                "branch-alias": {
                    "dev-master": "2.3-dev"
                }
            },
            "autoload": {
                "classmap": [
                    "src"
                ],
                "files": [
                    "src/shortcuts.php"
                ]
            },
            "notification-url": "https://packagist.org/downloads/",
            "license": [
                "BSD-3-Clause",
                "GPL-2.0",
                "GPL-3.0"
            ],
            "authors": [
                {
                    "name": "David Grudl",
                    "homepage": "http://davidgrudl.com"
                },
                {
                    "name": "Nette Community",
                    "homepage": "http://nette.org/contributors"
                }
            ],
            "description": "Tracy: useful PHP debugger",
            "homepage": "http://tracy.nette.org",
            "keywords": [
                "debug",
                "debugger",
                "nette"
            ],
            "time": "2015-02-24 21:00:38"
        }
    ],
    "packages-dev": [],
    "aliases": [],
    "minimum-stability": "stable",
    "stability-flags": [],
    "prefer-stable": false,
    "prefer-lowest": false,
    "platform": [],
    "platform-dev": []
}
